{
  "name": "jp-station-workspace",
  "version": "0.0.0",
  "lockfileVersion": 3,
  "requires": true,
  "packages": {
    "": {
      "name": "jp-station-workspace",
      "version": "0.0.0",
      "devDependencies": {
        "@ast-grep/cli": "^0.45.3",
        "dependency-cruiser": "^16.10.4",
        "jscpd": "^5.3.1"
      }
    },
    "node_modules/@ast-grep/cli": {
      "version": "0.45.3",
      "resolved": "https://registry.npmmirror.com/@ast-grep/cli/-/cli-0.45.3.tgz",
      "integrity": "sha512-Cm07SHb8Q8dJfAQhrPOveAGuuzznmf6IjQa2+0Yvjt8Qfo+XIVbEIo0Prng+UDVMlaCS/FkF2eA8M3F6z4+0Wg==",
      "dev": true,
      "hasInstallScript": true,
      "license": "MIT",
      "dependencies": {
        "detect-libc": "2.1.2"
      },
      "bin": {
        "ast-grep": "ast-grep",
        "sg": "sg"
      },
      "engines": {
        "node": ">= 12.0.0"
      },
      "optionalDependencies": {
        "@ast-grep/cli-darwin-arm64": "0.45.3",
        "@ast-grep/cli-darwin-x64": "0.45.3",
        "@ast-grep/cli-linux-arm64-gnu": "0.45.3",
        "@ast-grep/cli-linux-x64-gnu": "0.45.3",
        "@ast-grep/cli-win32-arm64-msvc": "0.45.3",
        "@ast-grep/cli-win32-ia32-msvc": "0.45.3",
        "@ast-grep/cli-win32-x64-msvc": "0.45.3"
      }
    },
    "node_modules/@ast-grep/cli-darwin-arm64": {
      "version": "0.45.3",
      "resolved": "https://registry.npmmirror.com/@ast-grep/cli-darwin-arm64/-/cli-darwin-arm64-0.45.3.tgz",
      "integrity": "sha512-6RZg4gRMJcSJtEJuaW5z33qfwXD7kRDGZ0T0dTxVxsLSw5BkeAjR8REysxUwPWZn+oOkzPyZ3y7/qNnSI/diIA==",
      "cpu": [
        "arm64"
      ],
      "dev": true,
      "license": "MIT",
      "optional": true,
      "os": [
        "darwin"
      ],
      "engines": {
        "node": ">= 10"
      }
    },
    "node_modules/@ast-grep/cli-darwin-x64": {
      "version": "0.45.3",
      "resolved": "https://registry.npmmirror.com/@ast-grep/cli-darwin-x64/-/cli-darwin-x64-0.45.3.tgz",
      "integrity": "sha512-4z6ZknTMSlTirQuJ4xihXoLfG7YwAOxFCqkKuGAxAiP+K70zivib8R19vUoFJDy4s+rjyGNDdrm45/ClC5tITQ==",
      "cpu": [
        "x64"
      ],
      "dev": true,
      "license": "MIT",
      "optional": true,
      "os": [
        "darwin"
      ],
      "engines": {
        "node": ">= 10"
      }
    },
    "node_modules/@ast-grep/cli-linux-arm64-gnu": {
      "version": "0.45.3",
      "resolved": "https://registry.npmmirror.com/@ast-grep/cli-linux-arm64-gnu/-/cli-linux-arm64-gnu-0.45.3.tgz",
      "integrity": "sha512-T/N+Fl/pMqNjuyPV9PbTSR2bTlZrLKiCyHzJax6QNaOOVviXjEscROrAc6c0lFfc+Z07gW7Rt3oZKZdLEExutQ==",
      "cpu": [
        "arm64"
      ],
      "dev": true,
      "libc": [
        "glibc"
      ],
      "license": "MIT",
      "optional": true,
      "os": [
        "linux"
      ],
      "engines": {
        "node": ">= 10"
      }
    },
    "node_modules/@ast-grep/cli-linux-x64-gnu": {
      "version": "0.45.3",
      "resolved": "https://registry.npmmirror.com/@ast-grep/cli-linux-x64-gnu/-/cli-linux-x64-gnu-0.45.3.tgz",
      "integrity": "sha512-HbxIy6tZa8zn4J2hG8KVIo9n4+INAgVB8l2DyHqYxGKxnod8u2B4hfTGxbMm+BjBvYxKW4oGLZtYqInMyxidyQ==",
      "cpu": [
        "x64"
      ],
      "dev": true,
      "libc": [
        "glibc"
      ],
      "license": "MIT",
      "optional": true,
      "os": [
        "linux"
      ],
      "engines": {
        "node": ">= 10"
      }
    },
    "node_modules/@ast-grep/cli-win32-arm64-msvc": {
      "version": "0.45.3",
      "resolved": "https://registry.npmmirror.com/@ast-grep/cli-win32-arm64-msvc/-/cli-win32-arm64-msvc-0.45.3.tgz",
      "integrity": "sha512-X0+81Mgr8zsH6hu4Pqdr5h1IyAFUWbKS1PMkKT6awYiiTo/1uhVM/6WzJ+ohOQPmMTyt4poyyg46u2E4WzKECg==",
      "cpu": [
        "arm64"
      ],
      "dev": true,
      "license": "MIT",
      "optional": true,
      "os": [
        "win32"
      ],
      "engines": {
        "node": ">= 10"
      }
    },
    "node_modules/@ast-grep/cli-win32-ia32-msvc": {
      "version": "0.45.3",
      "resolved": "https://registry.npmmirror.com/@ast-grep/cli-win32-ia32-msvc/-/cli-win32-ia32-msvc-0.45.3.tgz",
      "integrity": "sha512-W4H27lU/xzzIOvRo4vDTjzq91PioLCjupR7jLmLVkAqAkX2YiNRixf8NjMcQgzAgr33jUsMlyutiTElLgi1O9g==",
      "cpu": [
        "ia32"
      ],
      "dev": true,
      "license": "MIT",
      "optional": true,
      "os": [
        "win32"
      ],
      "engines": {
        "node": ">= 10"
      }
    },
    "node_modules/@ast-grep/cli-win32-x64-msvc": {
      "version": "0.45.3",
      "resolved": "https://registry.npmmirror.com/@ast-grep/cli-win32-x64-msvc/-/cli-win32-x64-msvc-0.45.3.tgz",
      "integrity": "sha512-UZrpVbjLQqQIRxWqeMcwyLSIhlDZyhYb8SinssM38Oo6mEB2jMfHCEoigay9UOZTfUR268n72BBV48nW2h+QwA==",
      "cpu": [
        "x64"
      ],
      "dev": true,
      "license": "MIT",
      "optional": true,
      "os": [
        "win32"
      ],
      "engines": {
        "node": ">= 10"
      }
    },
    "node_modules/acorn": {
      "version": "8.18.0",
      "resolved": "https://registry.npmmirror.com/acorn/-/acorn-8.18.0.tgz",
      "integrity": "sha512-lGq+9yr1/GuAWaVYIHRjvvySG5/4VfKIvC8EWxStPdcDh/Ka7FG3twP6v4d5BkravUilhIAsG4Qj83t02LWUPQ==",
      "dev": true,
      "license": "MIT",
      "bin": {
        "acorn": "bin/acorn"
      },
      "engines": {
        "node": ">=0.4.0"
      }
    },
    "node_modules/acorn-jsx": {
      "version": "5.3.2",
      "resolved": "https://registry.npmmirror.com/acorn-jsx/-/acorn-jsx-5.3.2.tgz",
      "integrity": "sha512-rq9s+JNhf0IChjtDXxllJ7g41oZk5SlXtp0LHwyA5cejwn7vKmKp4pPri6YEePv2PU65sAsegbXtIinmDFDXgQ==",
      "dev": true,
      "license": "MIT",
      "peerDependencies": {
        "acorn": "^6.0.0 || ^7.0.0 || ^8.0.0"
      }
    },
    "node_modules/acorn-jsx-walk": {
      "version": "2.0.0",
      "resolved": "https://registry.npmmirror.com/acorn-jsx-walk/-/acorn-jsx-walk-2.0.0.tgz",
      "integrity": "sha512-uuo6iJj4D4ygkdzd6jPtcxs8vZgDX9YFIkqczGImoypX2fQ4dVImmu3UzA4ynixCIMTrEOWW+95M2HuBaCEOVA==",
      "dev": true,
      "license": "MIT"
    },
    "node_modules/acorn-loose": {
      "version": "8.5.2",
      "resolved": "https://registry.npmmirror.com/acorn-loose/-/acorn-loose-8.5.2.tgz",
      "integrity": "sha512-PPvV6g8UGMGgjrMu+n/f9E/tCSkNQ2Y97eFvuVdJfG11+xdIeDcLyNdC8SHcrHbRqkfwLASdplyR6B6sKM1U4A==",
      "dev": true,
      "license": "MIT",
      "dependencies": {
        "acorn": "^8.15.0"
      },
      "engines": {
        "node": ">=0.4.0"
      }
    },
    "node_modules/acorn-walk": {
      "version": "8.3.5",
      "resolved": "https://registry.npmmirror.com/acorn-walk/-/acorn-walk-8.3.5.tgz",
      "integrity": "sha512-HEHNfbars9v4pgpW6SO1KSPkfoS0xVOM/9UzkJltjlsHZmJasxg8aXkuZa7SMf8vKGIBhpUsPluQSqhJFCqebw==",
      "dev": true,
      "license": "MIT",
      "dependencies": {
        "acorn": "^8.11.0"
      },
      "engines": {
        "node": ">=0.4.0"
      }
    },
    "node_modules/ajv": {
      "version": "8.20.0",
      "resolved": "https://registry.npmmirror.com/ajv/-/ajv-8.20.0.tgz",
      "integrity": "sha512-Thbli+OlOj+iMPYFBVBfJ3OmCAnaSyNn4M1vz9T6Gka5Jt9ba/HIR56joy65tY6kx/FCF5VXNB819Y7/GUrBGA==",
      "dev": true,
      "license": "MIT",
      "dependencies": {
        "fast-deep-equal": "^3.1.3",
        "fast-uri": "^3.0.1",
        "json-schema-traverse": "^1.0.0",
        "require-from-string": "^2.0.2"
      },
      "funding": {
        "type": "github",
        "url": "https://github.com/sponsors/epoberezkin"
      }
    },
    "node_modules/ansi-styles": {
      "version": "4.3.0",
      "resolved": "https://registry.npmmirror.com/ansi-styles/-/ansi-styles-4.3.0.tgz",
      "integrity": "sha512-zbB9rCJAT1rbjiVDb2hqKFHNYLxgtk8NURxZ3IZwD3F6NtxbXZQCnnSi1Lkx+IDohdPlFp222wVALIheZJQSEg==",
      "dev": true,
      "license": "MIT",
      "dependencies": {
        "color-convert": "^2.0.1"
      },
      "engines": {
        "node": ">=8"
      },
      "funding": {
        "url": "https://github.com/chalk/ansi-styles?sponsor=1"
      }
    },
    "node_modules/chalk": {
      "version": "4.1.2",
      "resolved": "https://registry.npmmirror.com/chalk/-/chalk-4.1.2.tgz",
      "integrity": "sha512-oKnbhFyRIXpUuez8iBMmyEa4nbj4IOQyuhc/wy9kY7/WVPcwIO9VA668Pu8RkO7+0G76SLROeyw9CpQ061i4mA==",
      "dev": true,
      "license": "MIT",
      "dependencies": {
        "ansi-styles": "^4.1.0",
        "supports-color": "^7.1.0"
      },
      "engines": {
        "node": ">=10"
      },
      "funding": {
        "url": "https://github.com/chalk/chalk?sponsor=1"
      }
    },
    "node_modules/color-convert": {
      "version": "2.0.1",
      "resolved": "https://registry.npmmirror.com/color-convert/-/color-convert-2.0.1.tgz",
      "integrity": "sha512-RRECPsj7iu/xb5oKYcsFHSppFNnsj/52OVTRKb4zP5onXwVF3zVmmToNcOfGC+CRDpfK/U584fMg38ZHCaElKQ==",
      "dev": true,
      "license": "MIT",
      "dependencies": {
        "color-name": "~1.1.4"
      },
      "engines": {
        "node": ">=7.0.0"
      }
    },
    "node_modules/color-name": {
      "version": "1.1.4",
      "resolved": "https://registry.npmmirror.com/color-name/-/color-name-1.1.4.tgz",
      "integrity": "sha512-dOy+3AuW3a2wNbZHIuMZpTcgjGuLU/uBL/ubcZF9OXbDo8ff4O8yVp5Bf0efS8uEoYo5q4Fx7dY9OgQGXgAsQA==",
      "dev": true,
      "license": "MIT"
    },
    "node_modules/commander": {
      "version": "13.1.0",
      "resolved": "https://registry.npmmirror.com/commander/-/commander-13.1.0.tgz",
      "integrity": "sha512-/rFeCpNJQbhSZjGVwO9RFV3xPqbnERS8MmIQzCtD/zl6gpJuV/bMLuN92oG3F7d8oDEHHRrujSXNUr8fpjntKw==",
      "dev": true,
      "license": "MIT",
      "engines": {
        "node": ">=18"
      }
    },
    "node_modules/dependency-cruiser": {
      "version": "16.10.4",
      "resolved": "https://registry.npmmirror.com/dependency-cruiser/-/dependency-cruiser-16.10.4.tgz",
      "integrity": "sha512-hrxVOjIm8idZ9ZVDGSyyG3SHiNcEUPhL6RTEmO/3wfQWLepH5pA3nuDMMrcJ1DkZztFA7xg3tk8OVO+MmwwH9w==",
      "dev": true,
      "license": "MIT",
      "dependencies": {
        "acorn": "^8.15.0",
        "acorn-jsx": "^5.3.2",
        "acorn-jsx-walk": "^2.0.0",
        "acorn-loose": "^8.5.2",
        "acorn-walk": "^8.3.4",
        "ajv": "^8.17.1",
        "commander": "^13.1.0",
        "enhanced-resolve": "^5.18.2",
        "ignore": "^7.0.5",
        "interpret": "^3.1.1",
        "is-installed-globally": "^1.0.0",
        "json5": "^2.2.3",
        "memoize": "^10.1.0",
        "picocolors": "^1.1.1",
        "picomatch": "^4.0.2",
        "prompts": "^2.4.2",
        "rechoir": "^0.8.0",
        "safe-regex": "^2.1.1",
        "semver": "^7.7.2",
        "teamcity-service-messages": "^0.1.14",
        "tsconfig-paths-webpack-plugin": "^4.2.0",
        "watskeburt": "^4.2.3"
      },
      "bin": {
        "depcruise": "bin/dependency-cruise.mjs",
        "depcruise-baseline": "bin/depcruise-baseline.mjs",
        "depcruise-fmt": "bin/depcruise-fmt.mjs",
        "depcruise-wrap-stream-in-html": "bin/wrap-stream-in-html.mjs",
        "dependency-cruise": "bin/dependency-cruise.mjs",
        "dependency-cruiser": "bin/dependency-cruise.mjs"
      },
      "engines": {
        "node": "^18.17||>=20"
      }
    },
    "node_modules/detect-libc": {
      "version": "2.1.2",
      "resolved": "https://registry.npmmirror.com/detect-libc/-/detect-libc-2.1.2.tgz",
      "integrity": "sha512-Btj2BOOO83o3WyH59e8MgXsxEQVcarkUOpEYrubB0urwnN10yQ364rsiByU11nZlqWYZm05i/of7io4mzihBtQ==",
      "dev": true,
      "license": "Apache-2.0",
      "engines": {
        "node": ">=8"
      }
    },
    "node_modules/enhanced-resolve": {
      "version": "5.25.1",
      "resolved": "https://registry.npmmirror.com/enhanced-resolve/-/enhanced-resolve-5.25.1.tgz",
      "integrity": "sha512-nGXts5znJzmWPu+mIE9izCOzdg63oJca2mDzGWWTth7sr4aCToKcoyFVBQwN75Ij5Pf6p510EwkTqViTRzDV+w==",
      "dev": true,
      "license": "MIT",
      "dependencies": {
        "graceful-fs": "^4.2.4",
        "tapable": "^2.3.3"
      },
      "engines": {
        "node": ">=10.13.0"
      }
    },
    "node_modules/es-errors": {
      "version": "1.3.0",
      "resolved": "https://registry.npmmirror.com/es-errors/-/es-errors-1.3.0.tgz",
      "integrity": "sha512-Zf5H2Kxt2xjTvbJvP2ZWLEICxA6j+hAmMzIlypy4xcBg1vKVnx89Wy0GbS+kf5cwCVFFzdCFh2XSCFNULS6csw==",
      "dev": true,
      "license": "MIT",
      "engines": {
        "node": ">= 0.4"
      }
    },
    "node_modules/fast-deep-equal": {
      "version": "3.1.3",
      "resolved": "https://registry.npmmirror.com/fast-deep-equal/-/fast-deep-equal-3.1.3.tgz",
      "integrity": "sha512-f3qQ9oQy9j2AhBe/H9VC91wLmKBCCU/gDOnKNAYG5hswO7BLKj09Hc5HYNz9cGI++xlpDCIgDaitVs03ATR84Q==",
      "dev": true,
      "license": "MIT"
    },
    "node_modules/fast-uri": {
      "version": "3.1.8",
      "resolved": "https://registry.npmmirror.com/fast-uri/-/fast-uri-3.1.8.tgz",
      "integrity": "sha512-GZMtZUTNRpOVIECoXwLNZS5xUGE+mVNbTB8h/7Rwh2TFWcBQiPzTgyZi05BF9UMZKkLJv8XBRJTlU7zg8+ZfMg==",
      "dev": true,
      "funding": [
        {
          "type": "github",
          "url": "https://github.com/sponsors/fastify"
        },
        {
          "type": "opencollective",
          "url": "https://opencollective.com/fastify"
        }
      ],
      "license": "BSD-3-Clause"
    },
    "node_modules/function-bind": {
      "version": "1.1.2",
      "resolved": "https://registry.npmmirror.com/function-bind/-/function-bind-1.1.2.tgz",
      "integrity": "sha512-7XHNxH7qX9xG5mIwxkhumTox/MIRNcOgDrxWsMt2pAr23WHp6MrRlN7FBSFpCpr+oVO0F744iUgR82nJMfG2SA==",
      "dev": true,
      "license": "MIT",
      "funding": {
        "url": "https://github.com/sponsors/ljharb"
      }
    },
    "node_modules/global-directory": {
      "version": "4.0.1",
      "resolved": "https://registry.npmmirror.com/global-directory/-/global-directory-4.0.1.tgz",
      "integrity": "sha512-wHTUcDUoZ1H5/0iVqEudYW4/kAlN5cZ3j/bXn0Dpbizl9iaUVeWSHqiOjsgk6OW2bkLclbBjzewBz6weQ1zA2Q==",
      "dev": true,
      "license": "MIT",
      "dependencies": {
        "ini": "4.1.1"
      },
      "engines": {
        "node": ">=18"
      },
      "funding": {
        "url": "https://github.com/sponsors/sindresorhus"
      }
    },
    "node_modules/graceful-fs": {
      "version": "4.2.11",
      "resolved": "https://registry.npmmirror.com/graceful-fs/-/graceful-fs-4.2.11.tgz",
      "integrity": "sha512-RbJ5/jmFcNNCcDV5o9eTnBLJ/HszWV0P73bc+Ff4nS/rJj+YaS6IGyiOL0VoBYX+l1Wrl3k63h/KrH+nhJ0XvQ==",
      "dev": true,
      "license": "ISC"
    },
    "node_modules/has-flag": {
      "version": "4.0.0",
      "resolved": "https://registry.npmmirror.com/has-flag/-/has-flag-4.0.0.tgz",
      "integrity": "sha512-EykJT/Q1KjTWctppgIAgfSO0tKVuZUjhgMr17kqTumMl6Afv3EISleU7qZUzoXDFTAHTDC4NOoG/ZxU3EvlMPQ==",
      "dev": true,
      "license": "MIT",
      "engines": {
        "node": ">=8"
      }
    },
    "node_modules/hasown": {
      "version": "2.0.4",
      "resolved": "https://registry.npmmirror.com/hasown/-/hasown-2.0.4.tgz",
      "integrity": "sha512-T2UbfbBEF32wiepXIsMlTW9+dDYC6wMh/t/vYA4tuOMKqWz/n3vr1NFSxQiyP+zk2mXsoMA/i/7qV6LKut1t1A==",
      "dev": true,
      "license": "MIT",
      "dependencies": {
        "function-bind": "^1.1.2"
      },
      "engines": {
        "node": ">= 0.4"
      }
    },
    "node_modules/ignore": {
      "version": "7.0.10",
      "resolved": "https://registry.npmmirror.com/ignore/-/ignore-7.0.10.tgz",
      "integrity": "sha512-HpbUakT7xp5miBUywCHf36ZEuAJNklBJDDsGpUIjMzOSmM8ELSfA9Sa/QDPeNeqeoN31u+UTCkL4klCOVvRm4Q==",
      "dev": true,
      "license": "MIT",
      "engines": {
        "node": ">= 4"
      }
    },
    "node_modules/ini": {
      "version": "4.1.1",
      "resolved": "https://registry.npmmirror.com/ini/-/ini-4.1.1.tgz",
      "integrity": "sha512-QQnnxNyfvmHFIsj7gkPcYymR8Jdw/o7mp5ZFihxn6h8Ci6fh3Dx4E1gPjpQEpIuPo9XVNY/ZUwh4BPMjGyL01g==",
      "dev": true,
      "license": "ISC",
      "engines": {
        "node": "^14.17.0 || ^16.13.0 || >=18.0.0"
      }
    },
    "node_modules/interpret": {
      "version": "3.1.1",
      "resolved": "https://registry.npmmirror.com/interpret/-/interpret-3.1.1.tgz",
      "integrity": "sha512-6xwYfHbajpoF0xLW+iwLkhwgvLoZDfjYfoFNu8ftMoXINzwuymNLd9u/KmwtdT2GbR+/Cz66otEGEVVUHX9QLQ==",
      "dev": true,
      "license": "MIT",
      "engines": {
        "node": ">=10.13.0"
      }
    },
    "node_modules/is-core-module": {
      "version": "2.17.0",
      "resolved": "https://registry.npmmirror.com/is-core-module/-/is-core-module-2.17.0.tgz",
      "integrity": "sha512-J/vG0zBCbIKOQFfufSwyXdMrsohyJIUNkrnmo6WZGzoM7tr/lsbfW5b2BvisL6zsyMzK9UxV9L6c7AoFbyXHOA==",
      "dev": true,
      "license": "MIT",
      "dependencies": {
        "hasown": "^2.0.4"
      },
      "engines": {
        "node": ">= 0.4"
      },
      "funding": {
        "url": "https://github.com/sponsors/ljharb"
      }
    },
    "node_modules/is-installed-globally": {
      "version": "1.0.1",
      "resolved": "https://registry.npmmirror.com/is-installed-globally/-/is-installed-globally-1.0.1.tgz",
      "integrity": "sha512-li88H4QGRoNMX27jEmY8nR515oJVspAgC/WFMlhHfFV8RJ4QyGpHhXnwAe9gH5RIgKmdYRUmrOhQobcgEjIdSw==",
      "dev": true,
      "license": "MIT",
      "dependencies": {
        "global-directory": "^4.0.1",
        "is-path-inside": "^4.0.0"
      },
      "engines": {
        "node": ">=18"
      },
      "funding": {
        "url": "https://github.com/sponsors/sindresorhus"
      }
    },
    "node_modules/is-path-inside": {
      "version": "4.0.0",
      "resolved": "https://registry.npmmirror.com/is-path-inside/-/is-path-inside-4.0.0.tgz",
      "integrity": "sha512-lJJV/5dYS+RcL8uQdBDW9c9uWFLLBNRyFhnAKXw5tVqLlKZ4RMGZKv+YQ/IA3OhD+RpbJa1LLFM1FQPGyIXvOA==",
      "dev": true,
      "license": "MIT",
      "engines": {
        "node": ">=12"
      },
      "funding": {
        "url": "https://github.com/sponsors/sindresorhus"
      }
    },
    "node_modules/jscpd": {
      "version": "5.3.1",
      "resolved": "https://registry.npmmirror.com/jscpd/-/jscpd-5.3.1.tgz",
      "integrity": "sha512-A1A8PqFTpKN+SI5QowA30fmOYkpofQGJQzn5KyIDEYbQ1kC78GK+RBcmdz4KxZ/9QQMe3J01CsFIrtC2dUvekw==",
      "dev": true,
      "license": "MIT",
      "bin": {
        "jscpd": "run-jscpd.js"
      },
      "engines": {
        "node": ">=18"
      },
      "funding": {
        "url": "https://opencollective.com/jscpd"
      },
      "optionalDependencies": {
        "jscpd-darwin-arm64": "5.3.1",
        "jscpd-darwin-x64": "5.3.1",
        "jscpd-linux-arm64-gnu": "5.3.1",
        "jscpd-linux-arm64-musl": "5.3.1",
        "jscpd-linux-x64-gnu": "5.3.1",
        "jscpd-linux-x64-musl": "5.3.1",
        "jscpd-windows-arm64-msvc": "5.3.1",
        "jscpd-windows-x64-msvc": "5.3.1"
      }
    },
    "node_modules/jscpd-darwin-arm64": {
      "version": "5.3.1",
      "resolved": "https://registry.npmmirror.com/jscpd-darwin-arm64/-/jscpd-darwin-arm64-5.3.1.tgz",
      "integrity": "sha512-t2gKgDw8b1tXv8UZW4p5dSFODSSmTVMtlVUIyCab/R8L+EFc/NPvlC0NUvv8P03zU4QENHJwSaQUAoULcGnaLA==",
      "cpu": [
        "arm64"
      ],
      "dev": true,
      "license": "MIT",
      "optional": true,
      "os": [
        "darwin"
      ]
    },
    "node_modules/jscpd-darwin-x64": {
      "version": "5.3.1",
      "resolved": "https://registry.npmmirror.com/jscpd-darwin-x64/-/jscpd-darwin-x64-5.3.1.tgz",
      "integrity": "sha512-2/xqNtHoLF2wBzA0g6ynxSuEk758yWEtt1vgEhoOYsDe0gQZLaGdszW0KK05T+30Xst12dkFJzVtgBfMkn5jtg==",
      "cpu": [
        "x64"
      ],
      "dev": true,
      "license": "MIT",
      "optional": true,
      "os": [
        "darwin"
      ]
    },
    "node_modules/jscpd-linux-arm64-gnu": {
      "version": "5.3.1",
      "resolved": "https://registry.npmmirror.com/jscpd-linux-arm64-gnu/-/jscpd-linux-arm64-gnu-5.3.1.tgz",
      "integrity": "sha512-Nw14CJAbCICjaDYYBmi38gZ8ayuM5E9eLj3xXZQ9swQD7PORY0hHT3CsME0LzGQdeMfzHVJWQUAiar9Bq86BIQ==",
      "cpu": [
        "arm64"
      ],
      "dev": true,
      "libc": [
        "glibc"
      ],
      "license": "MIT",
      "optional": true,
      "os": [
        "linux"
      ]
    },
    "node_modules/jscpd-linux-arm64-musl": {
      "version": "5.3.1",
      "resolved": "https://registry.npmmirror.com/jscpd-linux-arm64-musl/-/jscpd-linux-arm64-musl-5.3.1.tgz",
      "integrity": "sha512-KkHFfEE/8pQfPWT/T4uQCL3xtJqo5Q4OMVnRf5hRPhYuriifAefN90q8/rhevAICgg/UkAVZ78hYMOp/WcgivA==",
      "cpu": [
        "arm64"
      ],
      "dev": true,
      "libc": [
        "musl"
      ],
      "license": "MIT",
      "optional": true,
      "os": [
        "linux"
      ]
    },
    "node_modules/jscpd-linux-x64-gnu": {
      "version": "5.3.1",
      "resolved": "https://registry.npmmirror.com/jscpd-linux-x64-gnu/-/jscpd-linux-x64-gnu-5.3.1.tgz",
      "integrity": "sha512-YG7V1k+ejE3UaQG0voZscCqZg7X1bwRDgxZlRcllEySHtWHiUl2UR4arHR0PdF6uBUGw0rfjOKkKZu0AYQoimw==",
      "cpu": [
        "x64"
      ],
      "dev": true,
      "libc": [
        "glibc"
      ],
      "license": "MIT",
      "optional": true,
      "os": [
        "linux"
      ]
    },
    "node_modules/jscpd-linux-x64-musl": {
      "version": "5.3.1",
      "resolved": "https://registry.npmmirror.com/jscpd-linux-x64-musl/-/jscpd-linux-x64-musl-5.3.1.tgz",
      "integrity": "sha512-Wnz0SJB8rZC3UbRYFKSDR0qXJEYMz5hUufO/SPV++fR5+wk7gqxpdYM+LBWDznaSuXZ1PiLMjN5vE3x8jwBCxA==",
      "cpu": [
        "x64"
      ],
      "dev": true,
      "libc": [
        "musl"
      ],
      "license": "MIT",
      "optional": true,
      "os": [
        "linux"
      ]
    },
    "node_modules/jscpd-windows-arm64-msvc": {
      "version": "5.3.1",
      "resolved": "https://registry.npmmirror.com/jscpd-windows-arm64-msvc/-/jscpd-windows-arm64-msvc-5.3.1.tgz",
      "integrity": "sha512-pk/PRHowDkMx8nPF1FbiMSBEeBECJz8iJ21Ig24AIZmIQKDt0MjshDlEs1UHV7dMbePm56RToBtHw0J4FaxMFg==",
      "cpu": [
        "arm64"
      ],
      "dev": true,
      "license": "MIT",
      "optional": true,
      "os": [
        "win32"
      ]
    },
    "node_modules/jscpd-windows-x64-msvc": {
      "version": "5.3.1",
      "resolved": "https://registry.npmmirror.com/jscpd-windows-x64-msvc/-/jscpd-windows-x64-msvc-5.3.1.tgz",
      "integrity": "sha512-vIQGaPvnMdRLvMyJzvoD3bCJB8Ospv+YEYkdHdq0dZTbqbUKjrHt3arvYJ0G0T5kBYY+8QGmjelMI01p74xZPA==",
      "cpu": [
        "x64"
      ],
      "dev": true,
      "license": "MIT",
      "optional": true,
      "os": [
        "win32"
      ]
    },
    "node_modules/json-schema-traverse": {
      "version": "1.0.0",
      "resolved": "https://registry.npmmirror.com/json-schema-traverse/-/json-schema-traverse-1.0.0.tgz",
      "integrity": "sha512-NM8/P9n3XjXhIZn1lLhkFaACTOURQXjWhV4BA/RnOv8xvgqtqpAX9IO4mRQxSx1Rlo4tqzeqb0sOlruaOy3dug==",
      "dev": true,
      "license": "MIT"
    },
    "node_modules/json5": {
      "version": "2.2.3",
      "resolved": "https://registry.npmmirror.com/json5/-/json5-2.2.3.tgz",
      "integrity": "sha512-XmOWe7eyHYH14cLdVPoyg+GOH3rYX++KpzrylJwSW98t3Nk+U8XOl8FWKOgwtzdb8lXGf6zYwDUzeHMWfxasyg==",
      "dev": true,
      "license": "MIT",
      "bin": {
        "json5": "lib/cli.js"
      },
      "engines": {
        "node": ">=6"
      }
    },
    "node_modules/kleur": {
      "version": "3.0.3",
      "resolved": "https://registry.npmmirror.com/kleur/-/kleur-3.0.3.tgz",
      "integrity": "sha512-eTIzlVOSUR+JxdDFepEYcBMtZ9Qqdef+rnzWdRZuMbOywu5tO2w2N7rqjoANZ5k9vywhL6Br1VRjUIgTQx4E8w==",
      "dev": true,
      "license": "MIT",
      "engines": {
        "node": ">=6"
      }
    },
    "node_modules/memoize": {
      "version": "10.2.0",
      "resolved": "https://registry.npmmirror.com/memoize/-/memoize-10.2.0.tgz",
      "integrity": "sha512-DeC6b7QBrZsRs3Y02A6A7lQyzFbsQbqgjI6UW0GigGWV+u1s25TycMr0XHZE4cJce7rY/vyw2ctMQqfDkIhUEA==",
      "dev": true,
      "license": "MIT",
      "dependencies": {
        "mimic-function": "^5.0.1"
      },
      "engines": {
        "node": ">=18"
      },
      "funding": {
        "url": "https://github.com/sindresorhus/memoize?sponsor=1"
      }
    },
    "node_modules/mimic-function": {
      "version": "5.0.1",
      "resolved": "https://registry.npmmirror.com/mimic-function/-/mimic-function-5.0.1.tgz",
      "integrity": "sha512-VP79XUPxV2CigYP3jWwAUFSku2aKqBH7uTAapFWCBqutsbmDo96KY5o8uh6U+/YSIn5OxJnXp73beVkpqMIGhA==",
      "dev": true,
      "license": "MIT",
      "engines": {
        "node": ">=18"
      },
      "funding": {
        "url": "https://github.com/sponsors/sindresorhus"
      }
    },
    "node_modules/minimist": {
      "version": "1.2.8",
      "resolved": "https://registry.npmmirror.com/minimist/-/minimist-1.2.8.tgz",
      "integrity": "sha512-2yyAR8qBkN3YuheJanUpWC5U3bb5osDywNB8RzDVlDwDHbocAJveqqj1u8+SVD7jkWT4yvsHCpWqqWqAxb0zCA==",
      "dev": true,
      "license": "MIT",
      "funding": {
        "url": "https://github.com/sponsors/ljharb"
      }
    },
    "node_modules/path-parse": {
      "version": "1.0.7",
      "resolved": "https://registry.npmmirror.com/path-parse/-/path-parse-1.0.7.tgz",
      "integrity": "sha512-LDJzPVEEEPR+y48z93A0Ed0yXb8pAByGWo/k5YYdYgpY2/2EsOsksJrq7lOHxryrVOn1ejG6oAp8ahvOIQD8sw==",
      "dev": true,
      "license": "MIT"
    },
    "node_modules/picocolors": {
      "version": "1.1.1",
      "resolved": "https://registry.npmmirror.com/picocolors/-/picocolors-1.1.1.tgz",
      "integrity": "sha512-xceH2snhtb5M9liqDsmEw56le376mTZkEX/jEb/RxNFyegNul7eNslCXP9FDj/Lcu0X8KEyMceP2ntpaHrDEVA==",
      "dev": true,
      "license": "ISC"
    },
    "node_modules/picomatch": {
      "version": "4.0.7",
      "resolved": "https://registry.npmmirror.com/picomatch/-/picomatch-4.0.7.tgz",
      "integrity": "sha512-qcJu88Q2IWqJsDD529JKMdwGm/dvInW4HvQnRwiH9JtihJvzGOscDtHE3x1pBKeUOTysQ8kVmLnJ2kJu7yhcGA==",
      "dev": true,
      "license": "MIT",
      "engines": {
        "node": ">=12"
      },
      "funding": {
        "url": "https://github.com/sponsors/jonschlinkert"
      }
    },
    "node_modules/prompts": {
      "version": "2.4.2",
      "resolved": "https://registry.npmmirror.com/prompts/-/prompts-2.4.2.tgz",
      "integrity": "sha512-NxNv/kLguCA7p3jE8oL2aEBsrJWgAakBpgmgK6lpPWV+WuOmY6r2/zbAVnP+T8bQlA0nzHXSJSJW0Hq7ylaD2Q==",
      "dev": true,
      "license": "MIT",
      "dependencies": {
        "kleur": "^3.0.3",
        "sisteransi": "^1.0.5"
      },
      "engines": {
        "node": ">= 6"
      }
    },
    "node_modules/rechoir": {
      "version": "0.8.0",
      "resolved": "https://registry.npmmirror.com/rechoir/-/rechoir-0.8.0.tgz",
      "integrity": "sha512-/vxpCXddiX8NGfGO/mTafwjq4aFa/71pvamip0++IQk3zG8cbCj0fifNPrjjF1XMXUne91jL9OoxmdykoEtifQ==",
      "dev": true,
      "license": "MIT",
      "dependencies": {
        "resolve": "^1.20.0"
      },
      "engines": {
        "node": ">= 10.13.0"
      }
    },
    "node_modules/regexp-tree": {
      "version": "0.1.27",
      "resolved": "https://registry.npmmirror.com/regexp-tree/-/regexp-tree-0.1.27.tgz",
      "integrity": "sha512-iETxpjK6YoRWJG5o6hXLwvjYAoW+FEZn9os0PD/b6AP6xQwsa/Y7lCVgIixBbUPMfhu+i2LtdeAqVTgGlQarfA==",
      "dev": true,
      "license": "MIT",
      "bin": {
        "regexp-tree": "bin/regexp-tree"
      }
    },
    "node_modules/require-from-string": {
      "version": "2.0.2",
      "resolved": "https://registry.npmmirror.com/require-from-string/-/require-from-string-2.0.2.tgz",
      "integrity": "sha512-Xf0nWe6RseziFMu+Ap9biiUbmplq6S9/p+7w7YXP/JBHhrUDDUhwa+vANyubuqfZWTveU//DYVGsDG7RKL/vEw==",
      "dev": true,
      "license": "MIT",
      "engines": {
        "node": ">=0.10.0"
      }
    },
    "node_modules/resolve": {
      "version": "1.22.12",
      "resolved": "https://registry.npmmirror.com/resolve/-/resolve-1.22.12.tgz",
      "integrity": "sha512-TyeJ1zif53BPfHootBGwPRYT1RUt6oGWsaQr8UyZW/eAm9bKoijtvruSDEmZHm92CwS9nj7/fWttqPCgzep8CA==",
      "dev": true,
      "license": "MIT",
      "dependencies": {
        "es-errors": "^1.3.0",
        "is-core-module": "^2.16.1",
        "path-parse": "^1.0.7",
        "supports-preserve-symlinks-flag": "^1.0.0"
      },
      "bin": {
        "resolve": "bin/resolve"
      },
      "engines": {
        "node": ">= 0.4"
      },
      "funding": {
        "url": "https://github.com/sponsors/ljharb"
      }
    },
    "node_modules/safe-regex": {
      "version": "2.1.1",
      "resolved": "https://registry.npmmirror.com/safe-regex/-/safe-regex-2.1.1.tgz",
      "integrity": "sha512-rx+x8AMzKb5Q5lQ95Zoi6ZbJqwCLkqi3XuJXp5P3rT8OEc6sZCJG5AE5dU3lsgRr/F4Bs31jSlVN+j5KrsGu9A==",
      "dev": true,
      "license": "MIT",
      "dependencies": {
        "regexp-tree": "~0.1.1"
      }
    },
    "node_modules/semver": {
      "version": "7.8.5",
      "resolved": "https://registry.npmmirror.com/semver/-/semver-7.8.5.tgz",
      "integrity": "sha512-Y7/KDsb8LjooZpwaqGyulO6DQlksgCncchHGk+sZIY4SBvUocMBEFH5Ur1fI4dV+Jvl0w6cjvucaIi40puRioA==",
      "dev": true,
      "license": "ISC",
      "bin": {
        "semver": "bin/semver.js"
      },
      "engines": {
        "node": ">=10"
      }
    },
    "node_modules/sisteransi": {
      "version": "1.0.5",
      "resolved": "https://registry.npmmirror.com/sisteransi/-/sisteransi-1.0.5.tgz",
      "integrity": "sha512-bLGGlR1QxBcynn2d5YmDX4MGjlZvy2MRBDRNHLJ8VI6l6+9FUiyTFNJ0IveOSP0bcXgVDPRcfGqA0pjaqUpfVg==",
      "dev": true,
      "license": "MIT"
    },
    "node_modules/strip-bom": {
      "version": "3.0.0",
      "resolved": "https://registry.npmmirror.com/strip-bom/-/strip-bom-3.0.0.tgz",
      "integrity": "sha512-vavAMRXOgBVNF6nyEEmL3DBK19iRpDcoIwW+swQ+CbGiu7lju6t+JklA1MHweoWtadgt4ISVUsXLyDq34ddcwA==",
      "dev": true,
      "license": "MIT",
      "engines": {
        "node": ">=4"
      }
    },
    "node_modules/supports-color": {
      "version": "7.2.0",
      "resolved": "https://registry.npmmirror.com/supports-color/-/supports-color-7.2.0.tgz",
      "integrity": "sha512-qpCAvRl9stuOHveKsn7HncJRvv501qIacKzQlO/+Lwxc9+0q2wLyv4Dfvt80/DPn2pqOBsJdDiogXGR9+OvwRw==",
      "dev": true,
      "license": "MIT",
      "dependencies": {
        "has-flag": "^4.0.0"
      },
      "engines": {
        "node": ">=8"
      }
    },
    "node_modules/supports-preserve-symlinks-flag": {
      "version": "1.0.0",
      "resolved": "https://registry.npmmirror.com/supports-preserve-symlinks-flag/-/supports-preserve-symlinks-flag-1.0.0.tgz",
      "integrity": "sha512-ot0WnXS9fgdkgIcePe6RHNk1WA8+muPa6cSjeR3V8K27q9BB1rTE3R1p7Hv0z1ZyAc8s6Vvv8DIyWf681MAt0w==",
      "dev": true,
      "license": "MIT",
      "engines": {
        "node": ">= 0.4"
      },
      "funding": {
        "url": "https://github.com/sponsors/ljharb"
      }
    },
    "node_modules/tapable": {
      "version": "2.3.3",
      "resolved": "https://registry.npmmirror.com/tapable/-/tapable-2.3.3.tgz",
      "integrity": "sha512-uxc/zpqFg6x7C8vOE7lh6Lbda8eEL9zmVm/PLeTPBRhh1xCgdWaQ+J1CUieGpIfm2HdtsUpRv+HshiasBMcc6A==",
      "dev": true,
      "license": "MIT",
      "engines": {
        "node": ">=6"
      },
      "funding": {
        "type": "opencollective",
        "url": "https://opencollective.com/webpack"
      }
    },
    "node_modules/teamcity-service-messages": {
      "version": "0.1.14",
      "resolved": "https://registry.npmmirror.com/teamcity-service-messages/-/teamcity-service-messages-0.1.14.tgz",
      "integrity": "sha512-29aQwaHqm8RMX74u2o/h1KbMLP89FjNiMxD9wbF2BbWOnbM+q+d1sCEC+MqCc4QW3NJykn77OMpTFw/xTHIc0w==",
      "dev": true,
      "license": "MIT"
    },
    "node_modules/tsconfig-paths": {
      "version": "4.2.0",
      "resolved": "https://registry.npmmirror.com/tsconfig-paths/-/tsconfig-paths-4.2.0.tgz",
      "integrity": "sha512-NoZ4roiN7LnbKn9QqE1amc9DJfzvZXxF4xDavcOWt1BPkdx+m+0gJuPM+S0vCe7zTJMYUP0R8pO2XMr+Y8oLIg==",
      "dev": true,
      "license": "MIT",
      "dependencies": {
        "json5": "^2.2.2",
        "minimist": "^1.2.6",
        "strip-bom": "^3.0.0"
      },
      "engines": {
        "node": ">=6"
      }
    },
    "node_modules/tsconfig-paths-webpack-plugin": {
      "version": "4.2.0",
      "resolved": "https://registry.npmmirror.com/tsconfig-paths-webpack-plugin/-/tsconfig-paths-webpack-plugin-4.2.0.tgz",
      "integrity": "sha512-zbem3rfRS8BgeNK50Zz5SIQgXzLafiHjOwUAvk/38/o1jHn/V5QAgVUcz884or7WYcPaH3N2CIfUc2u0ul7UcA==",
      "dev": true,
      "license": "MIT",
      "dependencies": {
        "chalk": "^4.1.0",
        "enhanced-resolve": "^5.7.0",
        "tapable": "^2.2.1",
        "tsconfig-paths": "^4.1.2"
      },
      "engines": {
        "node": ">=10.13.0"
      }
    },
    "node_modules/watskeburt": {
      "version": "4.2.3",
      "resolved": "https://registry.npmmirror.com/watskeburt/-/watskeburt-4.2.3.tgz",
      "integrity": "sha512-uG9qtQYoHqAsnT711nG5iZc/8M5inSmkGCOp7pFaytKG2aTfIca7p//CjiVzAE4P7hzaYuCozMjNNaLgmhbK5g==",
      "dev": true,
      "license": "MIT",
      "bin": {
        "watskeburt": "dist/run-cli.js"
      },
      "engines": {
        "node": "^18||>=20"
      }
    }
  }
}
